
Microsoft Visual Studio Solution File, Format Version 12.00
# Visual Studio Version 16
VisualStudioVersion = 16.0.32802.440
MinimumVisualStudioVersion = 10.0.40219.1
Project("{8BC9CEB8-8B4A-11D0-8D11-00A0C91BC942}") = "Lab5Upg3", "Lab5Upg3\Lab5Upg3.vcxproj", "{55BDEC06-4B3F-44A5-9E94-5DFEE719757E}"
EndProject
Global
	GlobalSection(SolutionConfigurationPlatforms) = preSolution
		Debug|x64 = Debug|x64
		Debug|x86 = Debug|x86
		Release|x64 = Release|x64
		Release|x86 = Release|x86
	EndGlobalSection
	GlobalSection(ProjectConfigurationPlatforms) = postSolution
		{55BDEC06-4B3F-44A5-9E94-5DFEE719757E}.Debug|x64.ActiveCfg = Debug|x64
		{55BDEC06-4B3F-44A5-9E94-5DFEE719757E}.Debug|x64.Build.0 = Debug|x64
		{55BDEC06-4B3F-44A5-9E94-5DFEE719757E}.Debug|x86.ActiveCfg = Debug|Win32
		{55BDEC06-4B3F-44A5-9E94-5DFEE719757E}.Debug|x86.Build.0 = Debug|Win32
		{55BDEC06-4B3F-44A5-9E94-5DFEE719757E}.Release|x64.ActiveCfg = Release|x64
		{55BDEC06-4B3F-44A5-9E94-5DFEE719757E}.Release|x64.Build.0 = Release|x64
		{55BDEC06-4B3F-44A5-9E94-5DFEE719757E}.Release|x86.ActiveCfg = Release|Win32
		{55BDEC06-4B3F-44A5-9E94-5DFEE719757E}.Release|x86.Build.0 = Release|Win32
	EndGlobalSection
	GlobalSection(SolutionProperties) = preSolution
		HideSolutionNode = FALSE
	EndGlobalSection
	GlobalSection(ExtensibilityGlobals) = postSolution
		SolutionGuid = {B750826F-73A0-4E59-B865-3821D1BD7EF6}
	EndGlobalSection
EndGlobal
